
Microsoft Visual Studio Solution File, Format Version 12.00
# Visual Studio 15
VisualStudioVersion = 15.0.28307.271
MinimumVisualStudioVersion = 10.0.40219.1
Project("{9A19103F-16F7-4668-BE54-9A1E7A4F7556}") = "SqlFileQuery.Lib", "SqlFileQuery.Lib\SqlFileQuery.Lib.csproj", "{0131F4D2-F0B8-4A9D-90C8-AEB3F3510105}"
EndProject
Global
	GlobalSection(SolutionConfigurationPlatforms) = preSolution
		Debug|Any CPU = Debug|Any CPU
		Release|Any CPU = Release|Any CPU
	EndGlobalSection
	GlobalSection(ProjectConfigurationPlatforms) = postSolution
		{0131F4D2-F0B8-4A9D-90C8-AEB3F3510105}.Debug|Any CPU.ActiveCfg = Debug|Any CPU
		{0131F4D2-F0B8-4A9D-90C8-AEB3F3510105}.Debug|Any CPU.Build.0 = Debug|Any CPU
		{0131F4D2-F0B8-4A9D-90C8-AEB3F3510105}.Release|Any CPU.ActiveCfg = Release|Any CPU
		{0131F4D2-F0B8-4A9D-90C8-AEB3F3510105}.Release|Any CPU.Build.0 = Release|Any CPU
	EndGlobalSection
	GlobalSection(SolutionProperties) = preSolution
		HideSolutionNode = FALSE
	EndGlobalSection
	GlobalSection(ExtensibilityGlobals) = postSolution
		SolutionGuid = {09D6D4CB-4387-4DC6-9383-BB79999EA773}
	EndGlobalSection
EndGlobal
